// !$*UTF8*$!
{
	archiveVersion = 1;
	classes = {
	};
	objectVersion = 56;
	objects = {

/* Begin PBXBuildFile section */
		C665653E2A63126D009EDCDB /* GoogleService-Info.plist in Resources */ = {isa = PBXBuildFile; fileRef = C665653D2A63126D009EDCDB /* GoogleService-Info.plist */; };
		C6698D2F2A56E45A0010B116 /* FireLoginApp.swift in Sources */ = {isa = PBXBuildFile; fileRef = C6698D2E2A56E45A0010B116 /* FireLoginApp.swift */; };
		C6698D312A56E45A0010B116 /* ContentView.swift in Sources */ = {isa = PBXBuildFile; fileRef = C6698D302A56E45A0010B116 /* ContentView.swift */; };
		C6698D332A56E45C0010B116 /* Assets.xcassets in Resources */ = {isa = PBXBuildFile; fileRef = C6698D322A56E45C0010B116 /* Assets.xcassets */; };
		C6698D362A56E45C0010B116 /* Preview Assets.xcassets in Resources */ = {isa = PBXBuildFile; fileRef = C6698D352A56E45C0010B116 /* Preview Assets.xcassets */; };
		C6698D452A56E5390010B116 /* LoginView.swift in Sources */ = {isa = PBXBuildFile; fileRef = C6698D442A56E5390010B116 /* LoginView.swift */; };
		C6698D472A56EA6C0010B116 /* InputView.swift in Sources */ = {isa = PBXBuildFile; fileRef = C6698D462A56EA6C0010B116 /* InputView.swift */; };
		C6698D492A5715380010B116 /* Registration.swift in Sources */ = {isa = PBXBuildFile; fileRef = C6698D482A5715380010B116 /* Registration.swift */; };
		C6698D4B2A5A15EB0010B116 /* ProfileView.swift in Sources */ = {isa = PBXBuildFile; fileRef = C6698D4A2A5A15EB0010B116 /* ProfileView.swift */; };
		C6698D4D2A5A16460010B116 /* SettingsRowView.swift in Sources */ = {isa = PBXBuildFile; fileRef = C6698D4C2A5A16460010B116 /* SettingsRowView.swift */; };
		C6698D4F2A5B2CFE0010B116 /* User.swift in Sources */ = {isa = PBXBuildFile; fileRef = C6698D4E2A5B2CFE0010B116 /* User.swift */; };
		C6698D542A5B73E40010B116 /* FirebaseAnalytics in Frameworks */ = {isa = PBXBuildFile; productRef = C6698D532A5B73E40010B116 /* FirebaseAnalytics */; };
		C6698D562A5B73E40010B116 /* FirebaseAuth in Frameworks */ = {isa = PBXBuildFile; productRef = C6698D552A5B73E40010B116 /* FirebaseAuth */; };
		C6698D582A5B73E40010B116 /* FirebaseDatabaseSwift in Frameworks */ = {isa = PBXBuildFile; productRef = C6698D572A5B73E40010B116 /* FirebaseDatabaseSwift */; };
		C6698D5A2A5B73E40010B116 /* FirebaseFirestore in Frameworks */ = {isa = PBXBuildFile; productRef = C6698D592A5B73E40010B116 /* FirebaseFirestore */; };
		C6698D5C2A5B73E40010B116 /* FirebaseFirestoreSwift in Frameworks */ = {isa = PBXBuildFile; productRef = C6698D5B2A5B73E40010B116 /* FirebaseFirestoreSwift */; };
		C6698D602A5C1BDF0010B116 /* AuthViewModel.swift in Sources */ = {isa = PBXBuildFile; fileRef = C6698D5F2A5C1BDF0010B116 /* AuthViewModel.swift */; };
		C683A4652A630458000194B7 /* criptoCoin.swift in Sources */ = {isa = PBXBuildFile; fileRef = C683A4642A630458000194B7 /* criptoCoin.swift */; };
		C683A4672A63052F000194B7 /* TopMoverItemView.swift in Sources */ = {isa = PBXBuildFile; fileRef = C683A4662A63052F000194B7 /* TopMoverItemView.swift */; };
		C683A46A2A630594000194B7 /* Kingfisher in Frameworks */ = {isa = PBXBuildFile; productRef = C683A4692A630594000194B7 /* Kingfisher */; };
		C683A46C2A6305E2000194B7 /* Coin.swift in Sources */ = {isa = PBXBuildFile; fileRef = C683A46B2A6305E2000194B7 /* Coin.swift */; };
		C683A46F2A63062B000194B7 /* Double.swift in Sources */ = {isa = PBXBuildFile; fileRef = C683A46E2A63062B000194B7 /* Double.swift */; };
		C683A4712A6306C6000194B7 /* HomeViewModel.swift in Sources */ = {isa = PBXBuildFile; fileRef = C683A4702A6306C6000194B7 /* HomeViewModel.swift */; };
		C683A4732A63071C000194B7 /* TopMoverView.swift in Sources */ = {isa = PBXBuildFile; fileRef = C683A4722A63071C000194B7 /* TopMoverView.swift */; };
		C683A4752A6307C0000194B7 /* AllCoinView.swift in Sources */ = {isa = PBXBuildFile; fileRef = C683A4742A6307C0000194B7 /* AllCoinView.swift */; };
		C683A4772A6307F1000194B7 /* CoinRowView.swift in Sources */ = {isa = PBXBuildFile; fileRef = C683A4762A6307F1000194B7 /* CoinRowView.swift */; };
		C683A4792A630940000194B7 /* HomeView.swift in Sources */ = {isa = PBXBuildFile; fileRef = C683A4782A630940000194B7 /* HomeView.swift */; };
/* End PBXBuildFile section */

/* Begin PBXFileReference section */
		C665653D2A63126D009EDCDB /* GoogleService-Info.plist */ = {isa = PBXFileReference; fileEncoding = 4; lastKnownFileType = text.plist.xml; name = "GoogleService-Info.plist"; path = "../../../../Downloads/GoogleService-Info.plist"; sourceTree = "<group>"; };
		C6698D2B2A56E45A0010B116 /* FireLogin.app */ = {isa = PBXFileReference; explicitFileType = wrapper.application; includeInIndex = 0; path = FireLogin.app; sourceTree = BUILT_PRODUCTS_DIR; };
		C6698D2E2A56E45A0010B116 /* FireLoginApp.swift */ = {isa = PBXFileReference; lastKnownFileType = sourcecode.swift; path = FireLoginApp.swift; sourceTree = "<group>"; };
		C6698D302A56E45A0010B116 /* ContentView.swift */ = {isa = PBXFileReference; lastKnownFileType = sourcecode.swift; path = ContentView.swift; sourceTree = "<group>"; };
		C6698D322A56E45C0010B116 /* Assets.xcassets */ = {isa = PBXFileReference; lastKnownFileType = folder.assetcatalog; path = Assets.xcassets; sourceTree = "<group>"; };
		C6698D352A56E45C0010B116 /* Preview Assets.xcassets */ = {isa = PBXFileReference; lastKnownFileType = folder.assetcatalog; path = "Preview Assets.xcassets"; sourceTree = "<group>"; };
		C6698D442A56E5390010B116 /* LoginView.swift */ = {isa = PBXFileReference; lastKnownFileType = sourcecode.swift; path = LoginView.swift; sourceTree = "<group>"; };
		C6698D462A56EA6C0010B116 /* InputView.swift */ = {isa = PBXFileReference; lastKnownFileType = sourcecode.swift; path = InputView.swift; sourceTree = "<group>"; };
		C6698D482A5715380010B116 /* Registration.swift */ = {isa = PBXFileReference; lastKnownFileType = sourcecode.swift; path = Registration.swift; sourceTree = "<group>"; };
		C6698D4A2A5A15EB0010B116 /* ProfileView.swift */ = {isa = PBXFileReference; lastKnownFileType = sourcecode.swift; path = ProfileView.swift; sourceTree = "<group>"; };
		C6698D4C2A5A16460010B116 /* SettingsRowView.swift */ = {isa = PBXFileReference; lastKnownFileType = sourcecode.swift; path = SettingsRowView.swift; sourceTree = "<group>"; };
		C6698D4E2A5B2CFE0010B116 /* User.swift */ = {isa = PBXFileReference; lastKnownFileType = sourcecode.swift; path = User.swift; sourceTree = "<group>"; };
		C6698D5F2A5C1BDF0010B116 /* AuthViewModel.swift */ = {isa = PBXFileReference; lastKnownFileType = sourcecode.swift; path = AuthViewModel.swift; sourceTree = "<group>"; };
		C683A4642A630458000194B7 /* criptoCoin.swift */ = {isa = PBXFileReference; lastKnownFileType = sourcecode.swift; path = criptoCoin.swift; sourceTree = "<group>"; };
		C683A4662A63052F000194B7 /* TopMoverItemView.swift */ = {isa = PBXFileReference; lastKnownFileType = sourcecode.swift; path = TopMoverItemView.swift; sourceTree = "<group>"; };
		C683A46B2A6305E2000194B7 /* Coin.swift */ = {isa = PBXFileReference; lastKnownFileType = sourcecode.swift; path = Coin.swift; sourceTree = "<group>"; };
		C683A46E2A63062B000194B7 /* Double.swift */ = {isa = PBXFileReference; lastKnownFileType = sourcecode.swift; path = Double.swift; sourceTree = "<group>"; };
		C683A4702A6306C6000194B7 /* HomeViewModel.swift */ = {isa = PBXFileReference; lastKnownFileType = sourcecode.swift; path = HomeViewModel.swift; sourceTree = "<group>"; };
		C683A4722A63071C000194B7 /* TopMoverView.swift */ = {isa = PBXFileReference; lastKnownFileType = sourcecode.swift; path = TopMoverView.swift; sourceTree = "<group>"; };
		C683A4742A6307C0000194B7 /* AllCoinView.swift */ = {isa = PBXFileReference; lastKnownFileType = sourcecode.swift; path = AllCoinView.swift; sourceTree = "<group>"; };
		C683A4762A6307F1000194B7 /* CoinRowView.swift */ = {isa = PBXFileReference; lastKnownFileType = sourcecode.swift; path = CoinRowView.swift; sourceTree = "<group>"; };
		C683A4782A630940000194B7 /* HomeView.swift */ = {isa = PBXFileReference; lastKnownFileType = sourcecode.swift; path = HomeView.swift; sourceTree = "<group>"; };
/* End PBXFileReference section */

/* Begin PBXFrameworksBuildPhase section */
		C6698D282A56E45A0010B116 /* Frameworks */ = {
			isa = PBXFrameworksBuildPhase;
			buildActionMask = 2147483647;
			files = (
				C683A46A2A630594000194B7 /* Kingfisher in Frameworks */,
				C6698D5C2A5B73E40010B116 /* FirebaseFirestoreSwift in Frameworks */,
				C6698D582A5B73E40010B116 /* FirebaseDatabaseSwift in Frameworks */,
				C6698D5A2A5B73E40010B116 /* FirebaseFirestore in Frameworks */,
				C6698D542A5B73E40010B116 /* FirebaseAnalytics in Frameworks */,
				C6698D562A5B73E40010B116 /* FirebaseAuth in Frameworks */,
			);
			runOnlyForDeploymentPostprocessing = 0;
		};
/* End PBXFrameworksBuildPhase section */

/* Begin PBXGroup section */
		C6698D222A56E45A0010B116 = {
			isa = PBXGroup;
			children = (
				C6698D2D2A56E45A0010B116 /* FireLogin */,
				C6698D2C2A56E45A0010B116 /* Products */,
			);
			sourceTree = "<group>";
		};
		C6698D2C2A56E45A0010B116 /* Products */ = {
			isa = PBXGroup;
			children = (
				C6698D2B2A56E45A0010B116 /* FireLogin.app */,
			);
			name = Products;
			sourceTree = "<group>";
		};
		C6698D2D2A56E45A0010B116 /* FireLogin */ = {
			isa = PBXGroup;
			children = (
				C683A46D2A630619000194B7 /* Extension */,
				C6698D402A56E48E0010B116 /* App */,
				C6698D3F2A56E48C0010B116 /* Model */,
				C6698D3E2A56E48B0010B116 /* Components */,
				C6698D3C2A56E4800010B116 /* Core */,
				C6698D322A56E45C0010B116 /* Assets.xcassets */,
				C665653D2A63126D009EDCDB /* GoogleService-Info.plist */,
				C6698D342A56E45C0010B116 /* Preview Content */,
			);
			path = FireLogin;
			sourceTree = "<group>";
		};
		C6698D342A56E45C0010B116 /* Preview Content */ = {
			isa = PBXGroup;
			children = (
				C6698D352A56E45C0010B116 /* Preview Assets.xcassets */,
			);
			path = "Preview Content";
			sourceTree = "<group>";
		};
		C6698D3C2A56E4800010B116 /* Core */ = {
			isa = PBXGroup;
			children = (
				C6698D412A56E4AB0010B116 /* Authentication */,
				C6698D432A56E4C80010B116 /* Profile */,
				C6698D422A56E4BC0010B116 /* Root */,
			);
			path = Core;
			sourceTree = "<group>";
		};
		C6698D3E2A56E48B0010B116 /* Components */ = {
			isa = PBXGroup;
			children = (
				C6698D462A56EA6C0010B116 /* InputView.swift */,
				C6698D4C2A5A16460010B116 /* SettingsRowView.swift */,
			);
			path = Components;
			sourceTree = "<group>";
		};
		C6698D3F2A56E48C0010B116 /* Model */ = {
			isa = PBXGroup;
			children = (
				C6698D4E2A5B2CFE0010B116 /* User.swift */,
				C683A46B2A6305E2000194B7 /* Coin.swift */,
			);
			path = Model;
			sourceTree = "<group>";
		};
		C6698D402A56E48E0010B116 /* App */ = {
			isa = PBXGroup;
			children = (
				C6698D2E2A56E45A0010B116 /* FireLoginApp.swift */,
			);
			path = App;
			sourceTree = "<group>";
		};
		C6698D412A56E4AB0010B116 /* Authentication */ = {
			isa = PBXGroup;
			children = (
				C6698D5E2A5B74400010B116 /* View */,
				C6698D5D2A5B74350010B116 /* ViewModel */,
			);
			path = Authentication;
			sourceTree = "<group>";
		};
		C6698D422A56E4BC0010B116 /* Root */ = {
			isa = PBXGroup;
			children = (
				C6698D302A56E45A0010B116 /* ContentView.swift */,
			);
			path = Root;
			sourceTree = "<group>";
		};
		C6698D432A56E4C80010B116 /* Profile */ = {
			isa = PBXGroup;
			children = (
				C6698D4A2A5A15EB0010B116 /* ProfileView.swift */,
			);
			path = Profile;
			sourceTree = "<group>";
		};
		C6698D5D2A5B74350010B116 /* ViewModel */ = {
			isa = PBXGroup;
			children = (
				C6698D5F2A5C1BDF0010B116 /* AuthViewModel.swift */,
				C683A4702A6306C6000194B7 /* HomeViewModel.swift */,
			);
			path = ViewModel;
			sourceTree = "<group>";
		};
		C6698D5E2A5B74400010B116 /* View */ = {
			isa = PBXGroup;
			children = (
				C6698D442A56E5390010B116 /* LoginView.swift */,
				C6698D482A5715380010B116 /* Registration.swift */,
				C683A4642A630458000194B7 /* criptoCoin.swift */,
				C683A4662A63052F000194B7 /* TopMoverItemView.swift */,
				C683A4722A63071C000194B7 /* TopMoverView.swift */,
				C683A4742A6307C0000194B7 /* AllCoinView.swift */,
				C683A4762A6307F1000194B7 /* CoinRowView.swift */,
				C683A4782A630940000194B7 /* HomeView.swift */,
			);
			path = View;
			sourceTree = "<group>";
		};
		C683A46D2A630619000194B7 /* Extension */ = {
			isa = PBXGroup;
			children = (
				C683A46E2A63062B000194B7 /* Double.swift */,
			);
			path = Extension;
			sourceTree = "<group>";
		};
/* End PBXGroup section */

/* Begin PBXNativeTarget section */
		C6698D2A2A56E45A0010B116 /* FireLogin */ = {
			isa = PBXNativeTarget;
			buildConfigurationList = C6698D392A56E45C0010B116 /* Build configuration list for PBXNativeTarget "FireLogin" */;
			buildPhases = (
				C6698D272A56E45A0010B116 /* Sources */,
				C6698D282A56E45A0010B116 /* Frameworks */,
				C6698D292A56E45A0010B116 /* Resources */,
			);
			buildRules = (
			);
			dependencies = (
			);
			name = FireLogin;
			packageProductDependencies = (
				C6698D532A5B73E40010B116 /* FirebaseAnalytics */,
				C6698D552A5B73E40010B116 /* FirebaseAuth */,
				C6698D572A5B73E40010B116 /* FirebaseDatabaseSwift */,
				C6698D592A5B73E40010B116 /* FirebaseFirestore */,
				C6698D5B2A5B73E40010B116 /* FirebaseFirestoreSwift */,
				C683A4692A630594000194B7 /* Kingfisher */,
			);
			productName = FireLogin;
			productReference = C6698D2B2A56E45A0010B116 /* FireLogin.app */;
			productType = "com.apple.product-type.application";
		};
/* End PBXNativeTarget section */

/* Begin PBXProject section */
		C6698D232A56E45A0010B116 /* Project object */ = {
			isa = PBXProject;
			attributes = {
				BuildIndependentTargetsInParallel = 1;
				LastSwiftUpdateCheck = 1430;
				LastUpgradeCheck = 1430;
				TargetAttributes = {
					C6698D2A2A56E45A0010B116 = {
						CreatedOnToolsVersion = 14.3.1;
					};
				};
			};
			buildConfigurationList = C6698D262A56E45A0010B116 /* Build configuration list for PBXProject "FireLogin" */;
			compatibilityVersion = "Xcode 14.0";
			developmentRegion = en;
			hasScannedForEncodings = 0;
			knownRegions = (
				en,
				Base,
			);
			mainGroup = C6698D222A56E45A0010B116;
			packageReferences = (
				C6698D522A5B73E40010B116 /* XCRemoteSwiftPackageReference "firebase-ios-sdk" */,
				C683A4682A630594000194B7 /* XCRemoteSwiftPackageReference "Kingfisher" */,
			);
			productRefGroup = C6698D2C2A56E45A0010B116 /* Products */;
			projectDirPath = "";
			projectRoot = "";
			targets = (
				C6698D2A2A56E45A0010B116 /* FireLogin */,
			);
		};
/* End PBXProject section */

/* Begin PBXResourcesBuildPhase section */
		C6698D292A56E45A0010B116 /* Resources */ = {
			isa = PBXResourcesBuildPhase;
			buildActionMask = 2147483647;
			files = (
				C6698D362A56E45C0010B116 /* Preview Assets.xcassets in Resources */,
				C6698D332A56E45C0010B116 /* Assets.xcassets in Resources */,
				C665653E2A63126D009EDCDB /* GoogleService-Info.plist in Resources */,
			);
			runOnlyForDeploymentPostprocessing = 0;
		};
/* End PBXResourcesBuildPhase section */

/* Begin PBXSourcesBuildPhase section */
		C6698D272A56E45A0010B116 /* Sources */ = {
			isa = PBXSourcesBuildPhase;
			buildActionMask = 2147483647;
			files = (
				C6698D452A56E5390010B116 /* LoginView.swift in Sources */,
				C6698D492A5715380010B116 /* Registration.swift in Sources */,
				C6698D472A56EA6C0010B116 /* InputView.swift in Sources */,
				C6698D312A56E45A0010B116 /* ContentView.swift in Sources */,
				C683A46F2A63062B000194B7 /* Double.swift in Sources */,
				C6698D4F2A5B2CFE0010B116 /* User.swift in Sources */,
				C6698D4B2A5A15EB0010B116 /* ProfileView.swift in Sources */,
				C683A46C2A6305E2000194B7 /* Coin.swift in Sources */,
				C6698D2F2A56E45A0010B116 /* FireLoginApp.swift in Sources */,
				C683A4792A630940000194B7 /* HomeView.swift in Sources */,
				C683A4752A6307C0000194B7 /* AllCoinView.swift in Sources */,
				C683A4712A6306C6000194B7 /* HomeViewModel.swift in Sources */,
				C683A4672A63052F000194B7 /* TopMoverItemView.swift in Sources */,
				C683A4652A630458000194B7 /* criptoCoin.swift in Sources */,
				C6698D4D2A5A16460010B116 /* SettingsRowView.swift in Sources */,
				C683A4732A63071C000194B7 /* TopMoverView.swift in Sources */,
				C683A4772A6307F1000194B7 /* CoinRowView.swift in Sources */,
				C6698D602A5C1BDF0010B116 /* AuthViewModel.swift in Sources */,
			);
			runOnlyForDeploymentPostprocessing = 0;
		};
/* End PBXSourcesBuildPhase section */

/* Begin XCBuildConfiguration section */
		C6698D372A56E45C0010B116 /* Debug */ = {
			isa = XCBuildConfiguration;
			buildSettings = {
				ALWAYS_SEARCH_USER_PATHS = NO;
				CLANG_ANALYZER_NONNULL = YES;
				CLANG_ANALYZER_NUMBER_OBJECT_CONVERSION = YES_AGGRESSIVE;
				CLANG_CXX_LANGUAGE_STANDARD = "gnu++20";
				CLANG_ENABLE_MODULES = YES;
				CLANG_ENABLE_OBJC_ARC = YES;
				CLANG_ENABLE_OBJC_WEAK = YES;
				CLANG_WARN_BLOCK_CAPTURE_AUTORELEASING = YES;
				CLANG_WARN_BOOL_CONVERSION = YES;
				CLANG_WARN_COMMA = YES;
				CLANG_WARN_CONSTANT_CONVERSION = YES;
				CLANG_WARN_DEPRECATED_OBJC_IMPLEMENTATIONS = YES;
				CLANG_WARN_DIRECT_OBJC_ISA_USAGE = YES_ERROR;
				CLANG_WARN_DOCUMENTATION_COMMENTS = YES;
				CLANG_WARN_EMPTY_BODY = YES;
				CLANG_WARN_ENUM_CONVERSION = YES;
				CLANG_WARN_INFINITE_RECURSION = YES;
				CLANG_WARN_INT_CONVERSION = YES;
				CLANG_WARN_NON_LITERAL_NULL_CONVERSION = YES;
				CLANG_WARN_OBJC_IMPLICIT_RETAIN_SELF = YES;
				CLANG_WARN_OBJC_LITERAL_CONVERSION = YES;
				CLANG_WARN_OBJC_ROOT_CLASS = YES_ERROR;
				CLANG_WARN_QUOTED_INCLUDE_IN_FRAMEWORK_HEADER = YES;
				CLANG_WARN_RANGE_LOOP_ANALYSIS = YES;
				CLANG_WARN_STRICT_PROTOTYPES = YES;
				CLANG_WARN_SUSPICIOUS_MOVE = YES;
				CLANG_WARN_UNGUARDED_AVAILABILITY = YES_AGGRESSIVE;
				CLANG_WARN_UNREACHABLE_CODE = YES;
				CLANG_WARN__DUPLICATE_METHOD_MATCH = YES;
				COPY_PHASE_STRIP = NO;
				DEBUG_INFORMATION_FORMAT = dwarf;
				ENABLE_STRICT_OBJC_MSGSEND = YES;
				ENABLE_TESTABILITY = YES;
				GCC_C_LANGUAGE_STANDARD = gnu11;
				GCC_DYNAMIC_NO_PIC = NO;
				GCC_NO_COMMON_BLOCKS = YES;
				GCC_OPTIMIZATION_LEVEL = 0;
				GCC_PREPROCESSOR_DEFINITIONS = (
					"DEBUG=1",
					"$(inherited)",
				);
				GCC_WARN_64_TO_32_BIT_CONVERSION = YES;
				GCC_WARN_ABOUT_RETURN_TYPE = YES_ERROR;
				GCC_WARN_UNDECLARED_SELECTOR = YES;
				GCC_WARN_UNINITIALIZED_AUTOS = YES_AGGRESSIVE;
				GCC_WARN_UNUSED_FUNCTION = YES;
				GCC_WARN_UNUSED_VARIABLE = YES;
				IPHONEOS_DEPLOYMENT_TARGET = 16.4;
				MTL_ENABLE_DEBUG_INFO = INCLUDE_SOURCE;
				MTL_FAST_MATH = YES;
				ONLY_ACTIVE_ARCH = YES;
				SDKROOT = iphoneos;
				SWIFT_ACTIVE_COMPILATION_CONDITIONS = DEBUG;
				SWIFT_OPTIMIZATION_LEVEL = "-Onone";
			};
			name = Debug;
		};
		C6698D382A56E45C0010B116 /* Release */ = {
			isa = XCBuildConfiguration;
			buildSettings = {
				ALWAYS_SEARCH_USER_PATHS = NO;
				CLANG_ANALYZER_NONNULL = YES;
				CLANG_ANALYZER_NUMBER_OBJECT_CONVERSION = YES_AGGRESSIVE;
				CLANG_CXX_LANGUAGE_STANDARD = "gnu++20";
				CLANG_ENABLE_MODULES = YES;
				CLANG_ENABLE_OBJC_ARC = YES;
				CLANG_ENABLE_OBJC_WEAK = YES;
				CLANG_WARN_BLOCK_CAPTURE_AUTORELEASING = YES;
				CLANG_WARN_BOOL_CONVERSION = YES;
				CLANG_WARN_COMMA = YES;
				CLANG_WARN_CONSTANT_CONVERSION = YES;
				CLANG_WARN_DEPRECATED_OBJC_IMPLEMENTATIONS = YES;
				CLANG_WARN_DIRECT_OBJC_ISA_USAGE = YES_ERROR;
				CLANG_WARN_DOCUMENTATION_COMMENTS = YES;
				CLANG_WARN_EMPTY_BODY = YES;
				CLANG_WARN_ENUM_CONVERSION = YES;
				CLANG_WARN_INFINITE_RECURSION = YES;
				CLANG_WARN_INT_CONVERSION = YES;
				CLANG_WARN_NON_LITERAL_NULL_CONVERSION = YES;
				CLANG_WARN_OBJC_IMPLICIT_RETAIN_SELF = YES;
				CLANG_WARN_OBJC_LITERAL_CONVERSION = YES;
				CLANG_WARN_OBJC_ROOT_CLASS = YES_ERROR;
				CLANG_WARN_QUOTED_INCLUDE_IN_FRAMEWORK_HEADER = YES;
				CLANG_WARN_RANGE_LOOP_ANALYSIS = YES;
				CLANG_WARN_STRICT_PROTOTYPES = YES;
				CLANG_WARN_SUSPICIOUS_MOVE = YES;
				CLANG_WARN_UNGUARDED_AVAILABILITY = YES_AGGRESSIVE;
				CLANG_WARN_UNREACHABLE_CODE = YES;
				CLANG_WARN__DUPLICATE_METHOD_MATCH = YES;
				COPY_PHASE_STRIP = NO;
				DEBUG_INFORMATION_FORMAT = "dwarf-with-dsym";
				ENABLE_NS_ASSERTIONS = NO;
				ENABLE_STRICT_OBJC_MSGSEND = YES;
				GCC_C_LANGUAGE_STANDARD = gnu11;
				GCC_NO_COMMON_BLOCKS = YES;
				GCC_WARN_64_TO_32_BIT_CONVERSION = YES;
				GCC_WARN_ABOUT_RETURN_TYPE = YES_ERROR;
				GCC_WARN_UNDECLARED_SELECTOR = YES;
				GCC_WARN_UNINITIALIZED_AUTOS = YES_AGGRESSIVE;
				GCC_WARN_UNUSED_FUNCTION = YES;
				GCC_WARN_UNUSED_VARIABLE = YES;
				IPHONEOS_DEPLOYMENT_TARGET = 16.4;
				MTL_ENABLE_DEBUG_INFO = NO;
				MTL_FAST_MATH = YES;
				SDKROOT = iphoneos;
				SWIFT_COMPILATION_MODE = wholemodule;
				SWIFT_OPTIMIZATION_LEVEL = "-O";
				VALIDATE_PRODUCT = YES;
			};
			name = Release;
		};
		C6698D3A2A56E45C0010B116 /* Debug */ = {
			isa = XCBuildConfiguration;
			buildSettings = {
				ASSETCATALOG_COMPILER_APPICON_NAME = AppIcon;
				ASSETCATALOG_COMPILER_GLOBAL_ACCENT_COLOR_NAME = AccentColor;
				CODE_SIGN_STYLE = Automatic;
				CURRENT_PROJECT_VERSION = 1;
				DEVELOPMENT_ASSET_PATHS = "\"FireLogin/Preview Content\"";
				ENABLE_PREVIEWS = YES;
				GENERATE_INFOPLIST_FILE = YES;
				INFOPLIST_KEY_UIApplicationSceneManifest_Generation = YES;
				INFOPLIST_KEY_UIApplicationSupportsIndirectInputEvents = YES;
				INFOPLIST_KEY_UILaunchScreen_Generation = YES;
				INFOPLIST_KEY_UISupportedInterfaceOrientations_iPad = "UIInterfaceOrientationPortrait UIInterfaceOrientationPortraitUpsideDown UIInterfaceOrientationLandscapeLeft UIInterfaceOrientationLandscapeRight";
				INFOPLIST_KEY_UISupportedInterfaceOrientations_iPhone = "UIInterfaceOrientationPortrait UIInterfaceOrientationLandscapeLeft UIInterfaceOrientationLandscapeRight";
				LD_RUNPATH_SEARCH_PATHS = (
					"$(inherited)",
					"@executable_path/Frameworks",
				);
				MARKETING_VERSION = 1.0;
				PRODUCT_BUNDLE_IDENTIFIER = com.elduverx.FireLogin;
				PRODUCT_NAME = "$(TARGET_NAME)";
				SWIFT_EMIT_LOC_STRINGS = YES;
				SWIFT_VERSION = 5.0;
				TARGETED_DEVICE_FAMILY = "1,2";
			};
			name = Debug;
		};
		C6698D3B2A56E45C0010B116 /* Release */ = {
			isa = XCBuildConfiguration;
			buildSettings = {
				ASSETCATALOG_COMPILER_APPICON_NAME = AppIcon;
				ASSETCATALOG_COMPILER_GLOBAL_ACCENT_COLOR_NAME = AccentColor;
				CODE_SIGN_STYLE = Automatic;
				CURRENT_PROJECT_VERSION = 1;
				DEVELOPMENT_ASSET_PATHS = "\"FireLogin/Preview Content\"";
				ENABLE_PREVIEWS = YES;
				GENERATE_INFOPLIST_FILE = YES;
				INFOPLIST_KEY_UIApplicationSceneManifest_Generation = YES;
				INFOPLIST_KEY_UIApplicationSupportsIndirectInputEvents = YES;
				INFOPLIST_KEY_UILaunchScreen_Generation = YES;
				INFOPLIST_KEY_UISupportedInterfaceOrientations_iPad = "UIInterfaceOrientationPortrait UIInterfaceOrientationPortraitUpsideDown UIInterfaceOrientationLandscapeLeft UIInterfaceOrientationLandscapeRight";
				INFOPLIST_KEY_UISupportedInterfaceOrientations_iPhone = "UIInterfaceOrientationPortrait UIInterfaceOrientationLandscapeLeft UIInterfaceOrientationLandscapeRight";
				LD_RUNPATH_SEARCH_PATHS = (
					"$(inherited)",
					"@executable_path/Frameworks",
				);
				MARKETING_VERSION = 1.0;
				PRODUCT_BUNDLE_IDENTIFIER = com.elduverx.FireLogin;
				PRODUCT_NAME = "$(TARGET_NAME)";
				SWIFT_EMIT_LOC_STRINGS = YES;
				SWIFT_VERSION = 5.0;
				TARGETED_DEVICE_FAMILY = "1,2";
			};
			name = Release;
		};
/* End XCBuildConfiguration section */

/* Begin XCConfigurationList section */
		C6698D262A56E45A0010B116 /* Build configuration list for PBXProject "FireLogin" */ = {
			isa = XCConfigurationList;
			buildConfigurations = (
				C6698D372A56E45C0010B116 /* Debug */,
				C6698D382A56E45C0010B116 /* Release */,
			);
			defaultConfigurationIsVisible = 0;
			defaultConfigurationName = Release;
		};
		C6698D392A56E45C0010B116 /* Build configuration list for PBXNativeTarget "FireLogin" */ = {
			isa = XCConfigurationList;
			buildConfigurations = (
				C6698D3A2A56E45C0010B116 /* Debug */,
				C6698D3B2A56E45C0010B116 /* Release */,
			);
			defaultConfigurationIsVisible = 0;
			defaultConfigurationName = Release;
		};
/* End XCConfigurationList section */

/* Begin XCRemoteSwiftPackageReference section */
		C6698D522A5B73E40010B116 /* XCRemoteSwiftPackageReference "firebase-ios-sdk" */ = {
			isa = XCRemoteSwiftPackageReference;
			repositoryURL = "https://github.com/firebase/firebase-ios-sdk";
			requirement = {
				kind = upToNextMajorVersion;
				minimumVersion = 10.0.0;
			};
		};
		C683A4682A630594000194B7 /* XCRemoteSwiftPackageReference "Kingfisher" */ = {
			isa = XCRemoteSwiftPackageReference;
			repositoryURL = "https://github.com/onevcat/Kingfisher.git";
			requirement = {
				kind = upToNextMajorVersion;
				minimumVersion = 7.0.0;
			};
		};
/* End XCRemoteSwiftPackageReference section */

/* Begin XCSwiftPackageProductDependency section */
		C6698D532A5B73E40010B116 /* FirebaseAnalytics */ = {
			isa = XCSwiftPackageProductDependency;
			package = C6698D522A5B73E40010B116 /* XCRemoteSwiftPackageReference "firebase-ios-sdk" */;
			productName = FirebaseAnalytics;
		};
		C6698D552A5B73E40010B116 /* FirebaseAuth */ = {
			isa = XCSwiftPackageProductDependency;
			package = C6698D522A5B73E40010B116 /* XCRemoteSwiftPackageReference "firebase-ios-sdk" */;
			productName = FirebaseAuth;
		};
		C6698D572A5B73E40010B116 /* FirebaseDatabaseSwift */ = {
			isa = XCSwiftPackageProductDependency;
			package = C6698D522A5B73E40010B116 /* XCRemoteSwiftPackageReference "firebase-ios-sdk" */;
			productName = FirebaseDatabaseSwift;
		};
		C6698D592A5B73E40010B116 /* FirebaseFirestore */ = {
			isa = XCSwiftPackageProductDependency;
			package = C6698D522A5B73E40010B116 /* XCRemoteSwiftPackageReference "firebase-ios-sdk" */;
			productName = FirebaseFirestore;
		};
		C6698D5B2A5B73E40010B116 /* FirebaseFirestoreSwift */ = {
			isa = XCSwiftPackageProductDependency;
			package = C6698D522A5B73E40010B116 /* XCRemoteSwiftPackageReference "firebase-ios-sdk" */;
			productName = FirebaseFirestoreSwift;
		};
		C683A4692A630594000194B7 /* Kingfisher */ = {
			isa = XCSwiftPackageProductDependency;
			package = C683A4682A630594000194B7 /* XCRemoteSwiftPackageReference "Kingfisher" */;
			productName = Kingfisher;
		};
/* End XCSwiftPackageProductDependency section */
	};
	rootObject = C6698D232A56E45A0010B116 /* Project object */;
}
